
Microsoft Visual Studio Solution File, Format Version 12.00
# Visual Studio Version 16
VisualStudioVersion = 16.0.31424.327
MinimumVisualStudioVersion = 10.0.40219.1
Project("{FAE04EC0-301F-11D3-BF4B-00C04F79EFBC}") = "Canteen", "Canteen\Canteen.csproj", "{A421D713-ED72-4BF3-BA14-5896A52E939C}"
EndProject
Project("{FAE04EC0-301F-11D3-BF4B-00C04F79EFBC}") = "CanteenMonitor", "CanteenMonitor\CanteenMonitor.csproj", "{9E73387F-6F87-4C01-9520-3D382CCCE5ED}"
EndProject
Project("{FAE04EC0-301F-11D3-BF4B-00C04F79EFBC}") = "CanteetJabberBot", "CanteetJabberBot\CanteetJabberBot.csproj", "{C3EF52DC-7D2E-4D90-848B-7AE94619DD3E}"
EndProject
Global
	GlobalSection(SolutionConfigurationPlatforms) = preSolution
		Debug|Any CPU = Debug|Any CPU
		Release|Any CPU = Release|Any CPU
	EndGlobalSection
	GlobalSection(ProjectConfigurationPlatforms) = postSolution
		{A421D713-ED72-4BF3-BA14-5896A52E939C}.Debug|Any CPU.ActiveCfg = Debug|Any CPU
		{A421D713-ED72-4BF3-BA14-5896A52E939C}.Debug|Any CPU.Build.0 = Debug|Any CPU
		{A421D713-ED72-4BF3-BA14-5896A52E939C}.Release|Any CPU.ActiveCfg = Release|Any CPU
		{A421D713-ED72-4BF3-BA14-5896A52E939C}.Release|Any CPU.Build.0 = Release|Any CPU
		{9E73387F-6F87-4C01-9520-3D382CCCE5ED}.Debug|Any CPU.ActiveCfg = Debug|Any CPU
		{9E73387F-6F87-4C01-9520-3D382CCCE5ED}.Debug|Any CPU.Build.0 = Debug|Any CPU
		{9E73387F-6F87-4C01-9520-3D382CCCE5ED}.Release|Any CPU.ActiveCfg = Release|Any CPU
		{9E73387F-6F87-4C01-9520-3D382CCCE5ED}.Release|Any CPU.Build.0 = Release|Any CPU
		{C3EF52DC-7D2E-4D90-848B-7AE94619DD3E}.Debug|Any CPU.ActiveCfg = Debug|Any CPU
		{C3EF52DC-7D2E-4D90-848B-7AE94619DD3E}.Debug|Any CPU.Build.0 = Debug|Any CPU
		{C3EF52DC-7D2E-4D90-848B-7AE94619DD3E}.Release|Any CPU.ActiveCfg = Release|Any CPU
		{C3EF52DC-7D2E-4D90-848B-7AE94619DD3E}.Release|Any CPU.Build.0 = Release|Any CPU
	EndGlobalSection
	GlobalSection(SolutionProperties) = preSolution
		HideSolutionNode = FALSE
	EndGlobalSection
	GlobalSection(ExtensibilityGlobals) = postSolution
		SolutionGuid = {C182C74F-688B-42CC-9673-B2AC045BB8D4}
	EndGlobalSection
EndGlobal
